PODS:
  - GoogleMaps (7.1.0):
    - GoogleMaps/Maps (= 7.1.0)
  - GoogleMaps/Base (7.1.0)
  - GoogleMaps/Maps (7.1.0):
    - GoogleMaps/Base
  - GooglePlaces (5.1.0)
  - lottie-ios (3.4.3)

DEPENDENCIES:
  - GoogleMaps (= 7.1.0)
  - GooglePlaces
  - lottie-ios

SPEC REPOS:
  trunk:
    - GoogleMaps
    - GooglePlaces
    - lottie-ios

SPEC CHECKSUMS:
  GoogleMaps: bc56ffb0324e345a2d91bac1a64a920f9c8f1b20
  GooglePlaces: c57cd5aa7e91d10fa5106c792de74f3bd6436260
  lottie-ios: 9ae750cdc7820fecbd3c2f0cfc493038208fcdc4

PODFILE CHECKSUM: 717b4ee610cc23b1d161aa96b938e3f68c994e2e

COCOAPODS: 1.11.3
